{
  "nodes": {
    "agent-skills": {
      "inputs": {
        "home-manager": [
          "home-manager"
        ],
        "nixpkgs": [
          "nixpkgs"
        ]
      },
      "locked": {
        "lastModified": 1782575918,
        "narHash": "sha256-YzRp956W8ci29lYgsXCBSt8SsIcWBv+67/i9HWSl0Q0=",
        "owner": "Kyure-A",
        "repo": "agent-skills-nix",
        "rev": "79eba8b513730982ab2a00dfbccd4fae84321b9c",
        "type": "github"
      },
      "original": {
        "owner": "Kyure-A",
        "repo": "agent-skills-nix",
        "type": "github"
      }
    },
    "anthropic-skills": {
      "flake": false,
      "locked": {
        "lastModified": 1782929483,
        "narHash": "sha256-U7Nt1xrFOSOEm4vuWmy4pVsEyvv+Hj4sv8yXOofmwAw=",
        "owner": "anthropics",
        "repo": "skills",
        "rev": "9d2f1ae187231d8199c64b5b762e1bdf2244733d",
        "type": "github"
      },
      "original": {
        "owner": "anthropics",
        "repo": "skills",
        "type": "github"
      }
    },
    "hashicorp-skills": {
      "flake": false,
      "locked": {
        "lastModified": 1779983208,
        "narHash": "sha256-NMelhZRwYpVq39QeK9cAOkhzVgWbPLVOv5Plf5iQ+Lw=",
        "owner": "hashicorp",
        "repo": "agent-skills",
        "rev": "339a113935812ad75c6ff90d418b739a021826d1",
        "type": "github"
      },
      "original": {
        "owner": "hashicorp",
        "repo": "agent-skills",
        "type": "github"
      }
    },
    "home-manager": {
      "inputs": {
        "nixpkgs": [
          "nixpkgs"
        ]
      },
      "locked": {
        "lastModified": 1782704057,
        "narHash": "sha256-G1I1gd32F7mp9LAe1DaZ4ZL7NX5gyiKwdCMwro1Vrck=",
        "owner": "nix-community",
        "repo": "home-manager",
        "rev": "868d0a692de703c2de98fab61968e4e310b7c28e",
        "type": "github"
      },
      "original": {
        "owner": "nix-community",
        "ref": "release-26.05",
        "repo": "home-manager",
        "type": "github"
      }
    },
    "nixpkgs": {
      "locked": {
        "lastModified": 1783148766,
        "narHash": "sha256-uslt2pqShTIXDdAHRHv2QkYLsVdY8Oqwz0EA48/RSM8=",
        "owner": "NixOS",
        "repo": "nixpkgs",
        "rev": "a50de1b7d8a586adc18d2395c19de7d6058e6030",
        "type": "github"
      },
      "original": {
        "owner": "NixOS",
        "ref": "nixos-26.05",
        "repo": "nixpkgs",
        "type": "github"
      }
    },
    "root": {
      "inputs": {
        "agent-skills": "agent-skills",
        "anthropic-skills": "anthropic-skills",
        "hashicorp-skills": "hashicorp-skills",
        "home-manager": "home-manager",
        "nixpkgs": "nixpkgs"
      }
    }
  },
  "root": "root",
  "version": 7
}
