{
  "nodes": {
    "agent-skills": {
      "inputs": {
        "home-manager": [
          "home-manager"
        ],
        "nixpkgs": [
          "nixpkgs"
        ]
      },
      "locked": {
        "lastModified": 1780430501,
        "narHash": "sha256-nNjp1HJGnscx1lC/bagz4FfuUIPsq2lgkd93R3JBhr8=",
        "owner": "Kyure-A",
        "repo": "agent-skills-nix",
        "rev": "ba550ebf77004b8a1f865528fc9a1d7e22628501",
        "type": "github"
      },
      "original": {
        "owner": "Kyure-A",
        "repo": "agent-skills-nix",
        "type": "github"
      }
    },
    "anthropic-skills": {
      "flake": false,
      "locked": {
        "lastModified": 1780020146,
        "narHash": "sha256-BiZvEV7VK1AwhiGg+pNMgTUQmt4exevLWwL0Brx4YyE=",
        "owner": "anthropics",
        "repo": "skills",
        "rev": "da20c92503b2e8ff1cf28ca81a0df4673debdbf7",
        "type": "github"
      },
      "original": {
        "owner": "anthropics",
        "repo": "skills",
        "type": "github"
      }
    },
    "hashicorp-skills": {
      "flake": false,
      "locked": {
        "lastModified": 1779983208,
        "narHash": "sha256-NMelhZRwYpVq39QeK9cAOkhzVgWbPLVOv5Plf5iQ+Lw=",
        "owner": "hashicorp",
        "repo": "agent-skills",
        "rev": "339a113935812ad75c6ff90d418b739a021826d1",
        "type": "github"
      },
      "original": {
        "owner": "hashicorp",
        "repo": "agent-skills",
        "type": "github"
      }
    },
    "home-manager": {
      "inputs": {
        "nixpkgs": [
          "nixpkgs"
        ]
      },
      "locked": {
        "lastModified": 1780361225,
        "narHash": "sha256-wnV9ttf4fPWNonBIQmvlrSlNpQYgx5HgWWd007mwIFA=",
        "owner": "nix-community",
        "repo": "home-manager",
        "rev": "e28654b71096e08c019d4861ca26acb646f583d8",
        "type": "github"
      },
      "original": {
        "owner": "nix-community",
        "ref": "release-26.05",
        "repo": "home-manager",
        "type": "github"
      }
    },
    "nixpkgs": {
      "locked": {
        "lastModified": 1780203844,
        "narHash": "sha256-K5sT4jTpGs15ADhviMKNBH38REpPf5Q6mM1+N6cArVE=",
        "owner": "NixOS",
        "repo": "nixpkgs",
        "rev": "b51242d7d43689db2f3be91bd05d5b24fbb469c4",
        "type": "github"
      },
      "original": {
        "owner": "NixOS",
        "ref": "nixos-26.05",
        "repo": "nixpkgs",
        "type": "github"
      }
    },
    "root": {
      "inputs": {
        "agent-skills": "agent-skills",
        "anthropic-skills": "anthropic-skills",
        "hashicorp-skills": "hashicorp-skills",
        "home-manager": "home-manager",
        "nixpkgs": "nixpkgs"
      }
    }
  },
  "root": "root",
  "version": 7
}
